{
  "pins" : [
    {
      "identity" : "alamofire",
      "kind" : "remoteSourceControl",
      "location" : "https://github.com/Alamofire/Alamofire",
      "state" : {
        "revision" : "f455c2975872ccd2d9c81594c658af65716e9b9a",
        "version" : "5.9.1"
      }
    },
    {
      "identity" : "pulse",
      "kind" : "remoteSourceControl",
      "location" : "https://github.com/kean/Pulse",
      "state" : {
        "revision" : "8bc792cac03ecdc62f0214cea14fef1165002366",
        "version" : "4.2.4"
      }
    },
    {
      "identity" : "swiftui-cached-async-image",
      "kind" : "remoteSourceControl",
      "location" : "https://github.com/Vlodzimej/swiftui-cached-async-image",
      "state" : {
        "branch" : "main",
        "revision" : "4f111f2b7aab7ec52a60716cedb673df5203743c"
      }
    }
  ],
  "version" : 2
}
